
Microsoft Visual Studio Solution File, Format Version 12.00
# Visual Studio Version 17
VisualStudioVersion = 17.10.35122.118
MinimumVisualStudioVersion = 10.0.40219.1
Project("{9A19103F-16F7-4668-BE54-9A1E7A4F7556}") = "Server", "Server\Server.csproj", "{3BFCB8ED-799C-49B0-8701-CD8313A4BF80}"
EndProject
Project("{9A19103F-16F7-4668-BE54-9A1E7A4F7556}") = "ServerTest", "ServerTest\ServerTest.csproj", "{9236472F-98BE-4DEF-BD1D-6E99E426B50A}"
EndProject
Project("{9A19103F-16F7-4668-BE54-9A1E7A4F7556}") = "App", "App\App.csproj", "{41F0E655-DFF1-4A1F-8735-A6E4B55712ED}"
EndProject
Project("{FAE04EC0-301F-11D3-BF4B-00C04F79EFBC}") = "ShareableTypes", "ShareableTypes\ShareableTypes.csproj", "{417F68BF-0970-468D-A8E1-7378FC054E26}"
EndProject
Global
	GlobalSection(SolutionConfigurationPlatforms) = preSolution
		Debug|Any CPU = Debug|Any CPU
		Release|Any CPU = Release|Any CPU
	EndGlobalSection
	GlobalSection(ProjectConfigurationPlatforms) = postSolution
		{3BFCB8ED-799C-49B0-8701-CD8313A4BF80}.Debug|Any CPU.ActiveCfg = Debug|Any CPU
		{3BFCB8ED-799C-49B0-8701-CD8313A4BF80}.Debug|Any CPU.Build.0 = Debug|Any CPU
		{3BFCB8ED-799C-49B0-8701-CD8313A4BF80}.Release|Any CPU.ActiveCfg = Release|Any CPU
		{3BFCB8ED-799C-49B0-8701-CD8313A4BF80}.Release|Any CPU.Build.0 = Release|Any CPU
		{9236472F-98BE-4DEF-BD1D-6E99E426B50A}.Debug|Any CPU.ActiveCfg = Debug|Any CPU
		{9236472F-98BE-4DEF-BD1D-6E99E426B50A}.Debug|Any CPU.Build.0 = Debug|Any CPU
		{9236472F-98BE-4DEF-BD1D-6E99E426B50A}.Release|Any CPU.ActiveCfg = Release|Any CPU
		{9236472F-98BE-4DEF-BD1D-6E99E426B50A}.Release|Any CPU.Build.0 = Release|Any CPU
		{41F0E655-DFF1-4A1F-8735-A6E4B55712ED}.Debug|Any CPU.ActiveCfg = Debug|Any CPU
		{41F0E655-DFF1-4A1F-8735-A6E4B55712ED}.Debug|Any CPU.Build.0 = Debug|Any CPU
		{41F0E655-DFF1-4A1F-8735-A6E4B55712ED}.Debug|Any CPU.Deploy.0 = Debug|Any CPU
		{41F0E655-DFF1-4A1F-8735-A6E4B55712ED}.Release|Any CPU.ActiveCfg = Release|Any CPU
		{41F0E655-DFF1-4A1F-8735-A6E4B55712ED}.Release|Any CPU.Build.0 = Release|Any CPU
		{41F0E655-DFF1-4A1F-8735-A6E4B55712ED}.Release|Any CPU.Deploy.0 = Release|Any CPU
		{417F68BF-0970-468D-A8E1-7378FC054E26}.Debug|Any CPU.ActiveCfg = Debug|Any CPU
		{417F68BF-0970-468D-A8E1-7378FC054E26}.Debug|Any CPU.Build.0 = Debug|Any CPU
		{417F68BF-0970-468D-A8E1-7378FC054E26}.Release|Any CPU.ActiveCfg = Release|Any CPU
		{417F68BF-0970-468D-A8E1-7378FC054E26}.Release|Any CPU.Build.0 = Release|Any CPU
	EndGlobalSection
	GlobalSection(SolutionProperties) = preSolution
		HideSolutionNode = FALSE
	EndGlobalSection
	GlobalSection(ExtensibilityGlobals) = postSolution
		SolutionGuid = {FED130CB-A1E5-4795-8464-E318FCB57A72}
	EndGlobalSection
EndGlobal
